
Microsoft Visual Studio Solution File, Format Version 12.00
# Visual Studio Version 17
VisualStudioVersion = 17.5.2.0
MinimumVisualStudioVersion = 10.0.40219.1
Project("{FAE04EC0-301F-11D3-BF4B-00C04F79EFBC}") = "Prototype Gemini", "Prototype Gemini.csproj", "{6AEBEA5C-D0B0-B7BC-0C3E-5BE558EFFE42}"
EndProject
Project("{2150E333-8FDC-42A3-9474-1A3956D46DE8}") = "Tools", "Tools", "{07C2787E-EAC7-C090-1BA3-A61EC2A24D84}"
EndProject
Project("{FAE04EC0-301F-11D3-BF4B-00C04F79EFBC}") = "AutoBackupAgent", "Tools\AutoBackupAgent\AutoBackupAgent.csproj", "{9B878F41-502C-43EE-979B-1C238F6F84BA}"
EndProject
Global
	GlobalSection(SolutionConfigurationPlatforms) = preSolution
		Debug|Any CPU = Debug|Any CPU
		Debug|x64 = Debug|x64
		Debug|x86 = Debug|x86
		Release|Any CPU = Release|Any CPU
		Release|x64 = Release|x64
		Release|x86 = Release|x86
	EndGlobalSection
	GlobalSection(ProjectConfigurationPlatforms) = postSolution
		{6AEBEA5C-D0B0-B7BC-0C3E-5BE558EFFE42}.Debug|Any CPU.ActiveCfg = Debug|Any CPU
		{6AEBEA5C-D0B0-B7BC-0C3E-5BE558EFFE42}.Debug|Any CPU.Build.0 = Debug|Any CPU
		{6AEBEA5C-D0B0-B7BC-0C3E-5BE558EFFE42}.Debug|x64.ActiveCfg = Debug|Any CPU
		{6AEBEA5C-D0B0-B7BC-0C3E-5BE558EFFE42}.Debug|x64.Build.0 = Debug|Any CPU
		{6AEBEA5C-D0B0-B7BC-0C3E-5BE558EFFE42}.Debug|x86.ActiveCfg = Debug|Any CPU
		{6AEBEA5C-D0B0-B7BC-0C3E-5BE558EFFE42}.Debug|x86.Build.0 = Debug|Any CPU
		{6AEBEA5C-D0B0-B7BC-0C3E-5BE558EFFE42}.Release|Any CPU.ActiveCfg = Release|Any CPU
		{6AEBEA5C-D0B0-B7BC-0C3E-5BE558EFFE42}.Release|Any CPU.Build.0 = Release|Any CPU
		{6AEBEA5C-D0B0-B7BC-0C3E-5BE558EFFE42}.Release|x64.ActiveCfg = Release|Any CPU
		{6AEBEA5C-D0B0-B7BC-0C3E-5BE558EFFE42}.Release|x64.Build.0 = Release|Any CPU
		{6AEBEA5C-D0B0-B7BC-0C3E-5BE558EFFE42}.Release|x86.ActiveCfg = Release|Any CPU
		{6AEBEA5C-D0B0-B7BC-0C3E-5BE558EFFE42}.Release|x86.Build.0 = Release|Any CPU
		{9B878F41-502C-43EE-979B-1C238F6F84BA}.Debug|Any CPU.ActiveCfg = Debug|Any CPU
		{9B878F41-502C-43EE-979B-1C238F6F84BA}.Debug|Any CPU.Build.0 = Debug|Any CPU
		{9B878F41-502C-43EE-979B-1C238F6F84BA}.Debug|x64.ActiveCfg = Debug|Any CPU
		{9B878F41-502C-43EE-979B-1C238F6F84BA}.Debug|x64.Build.0 = Debug|Any CPU
		{9B878F41-502C-43EE-979B-1C238F6F84BA}.Debug|x86.ActiveCfg = Debug|Any CPU
		{9B878F41-502C-43EE-979B-1C238F6F84BA}.Debug|x86.Build.0 = Debug|Any CPU
		{9B878F41-502C-43EE-979B-1C238F6F84BA}.Release|Any CPU.ActiveCfg = Release|Any CPU
		{9B878F41-502C-43EE-979B-1C238F6F84BA}.Release|Any CPU.Build.0 = Release|Any CPU
		{9B878F41-502C-43EE-979B-1C238F6F84BA}.Release|x64.ActiveCfg = Release|Any CPU
		{9B878F41-502C-43EE-979B-1C238F6F84BA}.Release|x64.Build.0 = Release|Any CPU
		{9B878F41-502C-43EE-979B-1C238F6F84BA}.Release|x86.ActiveCfg = Release|Any CPU
		{9B878F41-502C-43EE-979B-1C238F6F84BA}.Release|x86.Build.0 = Release|Any CPU
	EndGlobalSection
	GlobalSection(SolutionProperties) = preSolution
		HideSolutionNode = FALSE
	EndGlobalSection
	GlobalSection(NestedProjects) = preSolution
		{9B878F41-502C-43EE-979B-1C238F6F84BA} = {07C2787E-EAC7-C090-1BA3-A61EC2A24D84}
	EndGlobalSection
	GlobalSection(ExtensibilityGlobals) = postSolution
		SolutionGuid = {69429829-18BF-40C1-9321-CD1C5E792EC0}
	EndGlobalSection
EndGlobal
